# @generated - this file is auto-generated by `mise lock` https://mise.en.dev/dev-tools/mise-lock.html

[[tools.node]]
version = "25.9.0"
backend = "core:node"

[tools.node."platforms.linux-arm64"]
checksum = "sha256:8fb4283301b8c720fc9f18bffff0f659e72cc14d0cf207a3bb411808aaa73a57"
url = "https://nodejs.org/dist/v25.9.0/node-v25.9.0-linux-arm64.tar.gz"

[tools.node."platforms.linux-arm64-musl"]
checksum = "sha256:8fb4283301b8c720fc9f18bffff0f659e72cc14d0cf207a3bb411808aaa73a57"
url = "https://nodejs.org/dist/v25.9.0/node-v25.9.0-linux-arm64.tar.gz"

[tools.node."platforms.linux-x64"]
checksum = "sha256:134e55b2408448a219760fe04dc44d6851f9de8a79549021ffd870e9082d9e7b"
url = "https://nodejs.org/dist/v25.9.0/node-v25.9.0-linux-x64.tar.gz"

[tools.node."platforms.linux-x64-musl"]
checksum = "sha256:134e55b2408448a219760fe04dc44d6851f9de8a79549021ffd870e9082d9e7b"
url = "https://nodejs.org/dist/v25.9.0/node-v25.9.0-linux-x64.tar.gz"

[tools.node."platforms.macos-arm64"]
checksum = "sha256:e479f3c469d3d9303a44f00a8ea37a3788395d171bb8059c48a4bbbd2e371b59"
url = "https://nodejs.org/dist/v25.9.0/node-v25.9.0-darwin-arm64.tar.gz"

[tools.node."platforms.macos-x64"]
checksum = "sha256:7d737b53ce191142bfa1c17cfa5b070d96e84eebf76b8dd06d84981cbdc3f7e3"
url = "https://nodejs.org/dist/v25.9.0/node-v25.9.0-darwin-x64.tar.gz"

[tools.node."platforms.windows-x64"]
checksum = "sha256:929552b8305effac843ba7b4270c437aefb702fc3fbd73fcd1bffd35d4ac284e"
url = "https://nodejs.org/dist/v25.9.0/node-v25.9.0-win-x64.zip"

[[tools.pnpm]]
version = "11.0.3"
backend = "aqua:pnpm/pnpm"

[tools.pnpm."platforms.linux-arm64"]
checksum = "sha256:1bd8ffddbbd1d7ea179351c8c1dc620990a17550a8597e8961d08c64c9854d55"
url = "https://github.com/pnpm/pnpm/releases/download/v11.0.3/pnpm-linux-arm64.tar.gz"

[tools.pnpm."platforms.linux-arm64-musl"]
checksum = "sha256:57a778a4b782234f34cc749f8609576effa7ccecfba43717181eb69eed4000b1"
url = "https://github.com/pnpm/pnpm/releases/download/v11.0.3/pnpm-linux-arm64-musl.tar.gz"

[tools.pnpm."platforms.linux-x64"]
checksum = "sha256:5c236f22568453e76f05c2c0a37b483d326ddb3c7759f3b7a7f13a8860109771"
url = "https://github.com/pnpm/pnpm/releases/download/v11.0.3/pnpm-linux-x64.tar.gz"

[tools.pnpm."platforms.linux-x64-musl"]
checksum = "sha256:c90e8a251a60e808e5f65d5365224fa5143275db6c7cb8ac8396ccb30e07ab93"
url = "https://github.com/pnpm/pnpm/releases/download/v11.0.3/pnpm-linux-x64-musl.tar.gz"

[tools.pnpm."platforms.macos-arm64"]
checksum = "sha256:a24f12a75b371acfbb69cee3ffd54dd7865daa25323d4f12bb22be12edff0ed2"
url = "https://github.com/pnpm/pnpm/releases/download/v11.0.3/pnpm-darwin-arm64.tar.gz"

[tools.pnpm."platforms.macos-x64"]
checksum = "sha256:c05a97abd756b6cd8ca1c1e70bca14eddc1b129b4e5b8cd2131474615e57483a"
url = "https://github.com/pnpm/pnpm/releases/download/v11.0.3/pnpm-darwin-x64.tar.gz"

[tools.pnpm."platforms.windows-x64"]
checksum = "sha256:1acab0c306c08e26be5b702c19466d14f6aa44797a7166191e81138f50291741"
url = "https://github.com/pnpm/pnpm/releases/download/v11.0.3/pnpm-win32-x64.zip"

[[tools.ruby]]
version = "4.0.3"
backend = "core:ruby"

[tools.ruby."platforms.linux-arm64"]
checksum = "sha256:77964acc370d5c8375b9502e5ba6c13c03ef91ab9eb9f521c84fb42b9c9a6b0f"
url = "https://cache.ruby-lang.org/pub/ruby/4.0/ruby-4.0.3.tar.gz"

[tools.ruby."platforms.linux-arm64-musl"]
checksum = "sha256:77964acc370d5c8375b9502e5ba6c13c03ef91ab9eb9f521c84fb42b9c9a6b0f"
url = "https://cache.ruby-lang.org/pub/ruby/4.0/ruby-4.0.3.tar.gz"

[tools.ruby."platforms.linux-x64"]
checksum = "sha256:77964acc370d5c8375b9502e5ba6c13c03ef91ab9eb9f521c84fb42b9c9a6b0f"
url = "https://cache.ruby-lang.org/pub/ruby/4.0/ruby-4.0.3.tar.gz"

[tools.ruby."platforms.linux-x64-musl"]
checksum = "sha256:77964acc370d5c8375b9502e5ba6c13c03ef91ab9eb9f521c84fb42b9c9a6b0f"
url = "https://cache.ruby-lang.org/pub/ruby/4.0/ruby-4.0.3.tar.gz"

[tools.ruby."platforms.macos-arm64"]
checksum = "sha256:77964acc370d5c8375b9502e5ba6c13c03ef91ab9eb9f521c84fb42b9c9a6b0f"
url = "https://cache.ruby-lang.org/pub/ruby/4.0/ruby-4.0.3.tar.gz"

[tools.ruby."platforms.macos-x64"]
checksum = "sha256:77964acc370d5c8375b9502e5ba6c13c03ef91ab9eb9f521c84fb42b9c9a6b0f"
url = "https://cache.ruby-lang.org/pub/ruby/4.0/ruby-4.0.3.tar.gz"

[tools.ruby."platforms.windows-x64"]
checksum = "sha256:a4094317397511e09242be1c95b32c8700fe91ebca713fb4e190de595eea5699"
url = "https://github.com/oneclick/rubyinstaller2/releases/download/RubyInstaller-4.0.3-1/rubyinstaller-4.0.3-1-x64.7z"

[[tools.tombi]]
version = "0.10.4"
backend = "aqua:tombi-toml/tombi"

[tools.tombi."platforms.linux-arm64"]
checksum = "sha256:0aac20f61dc0ead3eab386ecaf176ad19b8734e02a2efc031bbaeefc3ace7661"
url = "https://github.com/tombi-toml/tombi/releases/download/v0.10.4/tombi-cli-0.10.4-aarch64-unknown-linux-musl.tar.gz"

[tools.tombi."platforms.linux-arm64-musl"]
checksum = "sha256:0aac20f61dc0ead3eab386ecaf176ad19b8734e02a2efc031bbaeefc3ace7661"
url = "https://github.com/tombi-toml/tombi/releases/download/v0.10.4/tombi-cli-0.10.4-aarch64-unknown-linux-musl.tar.gz"

[tools.tombi."platforms.linux-x64"]
checksum = "sha256:2988df7c5ac115dc20ebd42f45ba039df0b8cda110b444f419bec814db2c880a"
url = "https://github.com/tombi-toml/tombi/releases/download/v0.10.4/tombi-cli-0.10.4-x86_64-unknown-linux-musl.tar.gz"

[tools.tombi."platforms.linux-x64-musl"]
checksum = "sha256:2988df7c5ac115dc20ebd42f45ba039df0b8cda110b444f419bec814db2c880a"
url = "https://github.com/tombi-toml/tombi/releases/download/v0.10.4/tombi-cli-0.10.4-x86_64-unknown-linux-musl.tar.gz"

[tools.tombi."platforms.macos-arm64"]
checksum = "sha256:efff1d4fd57364c1b6f0ab7045006ed58d6fdf79925022213d44f4e0993a37a1"
url = "https://github.com/tombi-toml/tombi/releases/download/v0.10.4/tombi-cli-0.10.4-aarch64-apple-darwin.tar.gz"

[tools.tombi."platforms.macos-x64"]
checksum = "sha256:f3ba04e491d0e2dbf42ecf6fc5d0e0c54d2b71cc74c8a4f59d34717a57544d15"
url = "https://github.com/tombi-toml/tombi/releases/download/v0.10.4/tombi-cli-0.10.4-x86_64-apple-darwin.tar.gz"

[tools.tombi."platforms.windows-x64"]
checksum = "sha256:150c3b9f0ddb3a16faec88980df034889f618d671bdeecec4a49e45f507a4a7d"
url = "https://github.com/tombi-toml/tombi/releases/download/v0.10.4/tombi-cli-0.10.4-x86_64-pc-windows-msvc.zip"

[[tools.usage]]
version = "3.3.0"
backend = "aqua:jdx/usage"

[tools.usage."platforms.linux-arm64"]
checksum = "sha256:55a0c94c35bb9e2c5cbc223973667cd450759cd3410d4c5836ef2fdfd95adc57"
url = "https://github.com/jdx/usage/releases/download/v3.3.0/usage-aarch64-unknown-linux-musl.tar.gz"

[tools.usage."platforms.linux-arm64-musl"]
checksum = "sha256:55a0c94c35bb9e2c5cbc223973667cd450759cd3410d4c5836ef2fdfd95adc57"
url = "https://github.com/jdx/usage/releases/download/v3.3.0/usage-aarch64-unknown-linux-musl.tar.gz"

[tools.usage."platforms.linux-x64"]
checksum = "sha256:9a4316d633243aa54308ff3bf6970923b18c105dea34fbc3009d51889e1dd03f"
url = "https://github.com/jdx/usage/releases/download/v3.3.0/usage-x86_64-unknown-linux-musl.tar.gz"

[tools.usage."platforms.linux-x64-musl"]
checksum = "sha256:9a4316d633243aa54308ff3bf6970923b18c105dea34fbc3009d51889e1dd03f"
url = "https://github.com/jdx/usage/releases/download/v3.3.0/usage-x86_64-unknown-linux-musl.tar.gz"

[tools.usage."platforms.macos-arm64"]
checksum = "sha256:ab6c69a6541e18ffca7bd950dd4cc867ea9267d0f91115c13aa650cde6634d62"
url = "https://github.com/jdx/usage/releases/download/v3.3.0/usage-universal-apple-darwin.tar.gz"

[tools.usage."platforms.macos-x64"]
checksum = "sha256:ab6c69a6541e18ffca7bd950dd4cc867ea9267d0f91115c13aa650cde6634d62"
url = "https://github.com/jdx/usage/releases/download/v3.3.0/usage-universal-apple-darwin.tar.gz"

[tools.usage."platforms.windows-x64"]
checksum = "sha256:628b8743d552f2cff2dee2b783a4827ef555409def3fb9ec536117d96cda2018"
url = "https://github.com/jdx/usage/releases/download/v3.3.0/usage-x86_64-pc-windows-msvc.zip"
