# @generated - this file is auto-generated by `mise lock` https://mise.en.dev/dev-tools/mise-lock.html

[[tools.node]]
version = "26.1.0"
backend = "core:node"

[tools.node."platforms.linux-arm64"]
checksum = "sha256:fcb4c339eef70c909cae72091008a6497278e2d0fcd221c0653068cf4ea4f0c7"
url = "https://nodejs.org/dist/v26.1.0/node-v26.1.0-linux-arm64.tar.gz"

[tools.node."platforms.linux-arm64-musl"]
checksum = "sha256:7ced1d983bbb9245c97dbc7de329663da49bd88aca6f7baaed9baf2f6fac7d33"
url = "https://unofficial-builds.nodejs.org/download/release/v26.1.0/node-v26.1.0-linux-arm64-musl.tar.gz"

[tools.node."platforms.linux-x64"]
checksum = "sha256:62d555c329e05e3625109f2e3a8b5195b368d5ef38266292469d32f63cd98ffd"
url = "https://nodejs.org/dist/v26.1.0/node-v26.1.0-linux-x64.tar.gz"

[tools.node."platforms.linux-x64-musl"]
checksum = "sha256:e302e820cea1007dfe68f5faaa23c8ed5a7099ad48cf068d6debf3d4958faaef"
url = "https://unofficial-builds.nodejs.org/download/release/v26.1.0/node-v26.1.0-linux-x64-musl.tar.gz"

[tools.node."platforms.macos-arm64"]
checksum = "sha256:91063f665c2f5d6e69e4f8fcb66d3d476bc2785ace82267274bf4da789985ceb"
url = "https://nodejs.org/dist/v26.1.0/node-v26.1.0-darwin-arm64.tar.gz"

[tools.node."platforms.macos-x64"]
checksum = "sha256:33519b28a352de668ab0a2a64366db032a45cb629d5353f86e4576e2780f4fcf"
url = "https://nodejs.org/dist/v26.1.0/node-v26.1.0-darwin-x64.tar.gz"

[tools.node."platforms.windows-x64"]
checksum = "sha256:089a02c4c687451c9f0b7f1bfd252dae85a7ba27df0295a14096bdcc956fdc92"
url = "https://nodejs.org/dist/v26.1.0/node-v26.1.0-win-x64.zip"

[[tools.pnpm]]
version = "11.0.8"
backend = "aqua:pnpm/pnpm"

[tools.pnpm."platforms.linux-arm64"]
checksum = "sha256:4393edba64b8c874123b8fca85fa940cc5224a392650993e5e84909dfaf80f9f"
url = "https://github.com/pnpm/pnpm/releases/download/v11.0.8/pnpm-linux-arm64.tar.gz"
provenance = "github-attestations"

[tools.pnpm."platforms.linux-arm64-musl"]
checksum = "sha256:3e2af32322c039b55c8eecae911fcd29febf2a4cbf50cfd4860770001131b232"
url = "https://github.com/pnpm/pnpm/releases/download/v11.0.8/pnpm-linux-arm64-musl.tar.gz"
provenance = "github-attestations"

[tools.pnpm."platforms.linux-x64"]
checksum = "sha256:ac9fed9acf78cb9eacf3b6e7964e34dc196e93c2aad2ed3540fe5ef5c2effaeb"
url = "https://github.com/pnpm/pnpm/releases/download/v11.0.8/pnpm-linux-x64.tar.gz"
provenance = "github-attestations"

[tools.pnpm."platforms.linux-x64-musl"]
checksum = "sha256:a5070cfda413b6fcda3a501fc6b0b1c57309ee590eadc8ba51f05e3a2b24195f"
url = "https://github.com/pnpm/pnpm/releases/download/v11.0.8/pnpm-linux-x64-musl.tar.gz"
provenance = "github-attestations"

[tools.pnpm."platforms.macos-arm64"]
checksum = "sha256:d988a3824d9ffd6f74eb9d9d703d24b7a42630dacfa7de375b8becef0706295c"
url = "https://github.com/pnpm/pnpm/releases/download/v11.0.8/pnpm-darwin-arm64.tar.gz"
provenance = "github-attestations"

[tools.pnpm."platforms.windows-x64"]
checksum = "sha256:19c4a2d675920adf02a6614c2055a44393a221c5ba914708489be396e1763bd1"
url = "https://github.com/pnpm/pnpm/releases/download/v11.0.8/pnpm-win32-x64.zip"
provenance = "github-attestations"

[[tools.ruby]]
version = "4.0.3"
backend = "core:ruby"

[tools.ruby."platforms.linux-arm64"]
checksum = "sha256:77964acc370d5c8375b9502e5ba6c13c03ef91ab9eb9f521c84fb42b9c9a6b0f"
url = "https://cache.ruby-lang.org/pub/ruby/4.0/ruby-4.0.3.tar.gz"

[tools.ruby."platforms.linux-arm64-musl"]
checksum = "sha256:77964acc370d5c8375b9502e5ba6c13c03ef91ab9eb9f521c84fb42b9c9a6b0f"
url = "https://cache.ruby-lang.org/pub/ruby/4.0/ruby-4.0.3.tar.gz"

[tools.ruby."platforms.linux-x64"]
checksum = "sha256:77964acc370d5c8375b9502e5ba6c13c03ef91ab9eb9f521c84fb42b9c9a6b0f"
url = "https://cache.ruby-lang.org/pub/ruby/4.0/ruby-4.0.3.tar.gz"

[tools.ruby."platforms.linux-x64-musl"]
checksum = "sha256:77964acc370d5c8375b9502e5ba6c13c03ef91ab9eb9f521c84fb42b9c9a6b0f"
url = "https://cache.ruby-lang.org/pub/ruby/4.0/ruby-4.0.3.tar.gz"

[tools.ruby."platforms.macos-arm64"]
checksum = "sha256:77964acc370d5c8375b9502e5ba6c13c03ef91ab9eb9f521c84fb42b9c9a6b0f"
url = "https://cache.ruby-lang.org/pub/ruby/4.0/ruby-4.0.3.tar.gz"

[tools.ruby."platforms.macos-x64"]
checksum = "sha256:77964acc370d5c8375b9502e5ba6c13c03ef91ab9eb9f521c84fb42b9c9a6b0f"
url = "https://cache.ruby-lang.org/pub/ruby/4.0/ruby-4.0.3.tar.gz"

[tools.ruby."platforms.windows-x64"]
checksum = "sha256:a4094317397511e09242be1c95b32c8700fe91ebca713fb4e190de595eea5699"
url = "https://github.com/oneclick/rubyinstaller2/releases/download/RubyInstaller-4.0.3-1/rubyinstaller-4.0.3-1-x64.7z"

[[tools.tombi]]
version = "0.10.6"
backend = "aqua:tombi-toml/tombi"

[tools.tombi."platforms.linux-arm64"]
checksum = "sha256:cef1452a2750080e50967e1d0e57d6387e41c20b61b820fb5397407a7b60aa92"
url = "https://github.com/tombi-toml/tombi/releases/download/v0.10.6/tombi-cli-0.10.6-aarch64-unknown-linux-musl.tar.gz"

[tools.tombi."platforms.linux-arm64-musl"]
checksum = "sha256:cef1452a2750080e50967e1d0e57d6387e41c20b61b820fb5397407a7b60aa92"
url = "https://github.com/tombi-toml/tombi/releases/download/v0.10.6/tombi-cli-0.10.6-aarch64-unknown-linux-musl.tar.gz"

[tools.tombi."platforms.linux-x64"]
checksum = "sha256:d91f156278f510c5f159ac3ed3a4c85cf0144e779fffc898756074797fd657fa"
url = "https://github.com/tombi-toml/tombi/releases/download/v0.10.6/tombi-cli-0.10.6-x86_64-unknown-linux-musl.tar.gz"

[tools.tombi."platforms.linux-x64-musl"]
checksum = "sha256:d91f156278f510c5f159ac3ed3a4c85cf0144e779fffc898756074797fd657fa"
url = "https://github.com/tombi-toml/tombi/releases/download/v0.10.6/tombi-cli-0.10.6-x86_64-unknown-linux-musl.tar.gz"

[tools.tombi."platforms.macos-arm64"]
checksum = "sha256:b40f5011d27113dff1777e61717bfbe179b0e7cf339c0c8ef18475318a434e2e"
url = "https://github.com/tombi-toml/tombi/releases/download/v0.10.6/tombi-cli-0.10.6-aarch64-apple-darwin.tar.gz"

[tools.tombi."platforms.macos-x64"]
checksum = "sha256:624e8c4e0a60e788079c05eff4c31bb1819bac2e02c24b182de52c2f63b6cd25"
url = "https://github.com/tombi-toml/tombi/releases/download/v0.10.6/tombi-cli-0.10.6-x86_64-apple-darwin.tar.gz"

[tools.tombi."platforms.windows-x64"]
checksum = "sha256:06860acc2bc3aef026585dc51dce330469505b5d0c1933621dd6c6a6abc2072b"
url = "https://github.com/tombi-toml/tombi/releases/download/v0.10.6/tombi-cli-0.10.6-x86_64-pc-windows-msvc.zip"

[[tools.usage]]
version = "3.3.0"
backend = "aqua:jdx/usage"

[tools.usage."platforms.linux-arm64"]
checksum = "sha256:55a0c94c35bb9e2c5cbc223973667cd450759cd3410d4c5836ef2fdfd95adc57"
url = "https://github.com/jdx/usage/releases/download/v3.3.0/usage-aarch64-unknown-linux-musl.tar.gz"

[tools.usage."platforms.linux-arm64-musl"]
checksum = "sha256:55a0c94c35bb9e2c5cbc223973667cd450759cd3410d4c5836ef2fdfd95adc57"
url = "https://github.com/jdx/usage/releases/download/v3.3.0/usage-aarch64-unknown-linux-musl.tar.gz"

[tools.usage."platforms.linux-x64"]
checksum = "sha256:9a4316d633243aa54308ff3bf6970923b18c105dea34fbc3009d51889e1dd03f"
url = "https://github.com/jdx/usage/releases/download/v3.3.0/usage-x86_64-unknown-linux-musl.tar.gz"

[tools.usage."platforms.linux-x64-musl"]
checksum = "sha256:9a4316d633243aa54308ff3bf6970923b18c105dea34fbc3009d51889e1dd03f"
url = "https://github.com/jdx/usage/releases/download/v3.3.0/usage-x86_64-unknown-linux-musl.tar.gz"

[tools.usage."platforms.macos-arm64"]
checksum = "sha256:ab6c69a6541e18ffca7bd950dd4cc867ea9267d0f91115c13aa650cde6634d62"
url = "https://github.com/jdx/usage/releases/download/v3.3.0/usage-universal-apple-darwin.tar.gz"

[tools.usage."platforms.macos-x64"]
checksum = "sha256:ab6c69a6541e18ffca7bd950dd4cc867ea9267d0f91115c13aa650cde6634d62"
url = "https://github.com/jdx/usage/releases/download/v3.3.0/usage-universal-apple-darwin.tar.gz"

[tools.usage."platforms.windows-x64"]
checksum = "sha256:628b8743d552f2cff2dee2b783a4827ef555409def3fb9ec536117d96cda2018"
url = "https://github.com/jdx/usage/releases/download/v3.3.0/usage-x86_64-pc-windows-msvc.zip"
