# @generated - this file is auto-generated by `mise lock` https://mise.en.dev/dev-tools/mise-lock.html

[[tools.firebase]]
version = "15.19.0"
backend = "aqua:firebase/firebase-tools"

[tools.firebase."platforms.linux-x64"]
checksum = "sha256:28962aa6cb105c7a1ff81cc9ac25cd027241a5f090612b74626395fcee497ce2"
url = "https://github.com/firebase/firebase-tools/releases/download/v15.19.0/firebase-tools-linux"

[tools.firebase."platforms.linux-x64-musl"]
checksum = "sha256:28962aa6cb105c7a1ff81cc9ac25cd027241a5f090612b74626395fcee497ce2"
url = "https://github.com/firebase/firebase-tools/releases/download/v15.19.0/firebase-tools-linux"

[tools.firebase."platforms.macos-arm64"]
checksum = "sha256:f9971a39aa2518227e15aff170a6eca4bc4610b6992d23cc2ea333b7e0d457b0"
url = "https://github.com/firebase/firebase-tools/releases/download/v15.19.0/firebase-tools-macos"

[tools.firebase."platforms.macos-x64"]
checksum = "sha256:f9971a39aa2518227e15aff170a6eca4bc4610b6992d23cc2ea333b7e0d457b0"
url = "https://github.com/firebase/firebase-tools/releases/download/v15.19.0/firebase-tools-macos"

[tools.firebase."platforms.windows-x64"]
checksum = "sha256:ff880b6f1d5f38053de34bfd73991932529b936b8b1b7541368dda371b16f55a"
url = "https://github.com/firebase/firebase-tools/releases/download/v15.19.0/firebase-tools-win.exe"

[[tools.node]]
version = "26.3.0"
backend = "core:node"

[tools.node."platforms.linux-arm64"]
checksum = "sha256:b2e01f65905c24cb5dd19c4cfbfefe0118e0504c170cc18beac343a2abbb59bd"
url = "https://nodejs.org/dist/v26.3.0/node-v26.3.0-linux-arm64.tar.gz"

[tools.node."platforms.linux-arm64-musl"]
checksum = "sha256:2487ff4f03dbd8998a3778886d50c1ee5f13a3b9cefbfa3aed02c32dbf1e1fb8"
url = "https://unofficial-builds.nodejs.org/download/release/v26.3.0/node-v26.3.0-linux-arm64-musl.tar.gz"

[tools.node."platforms.linux-x64"]
checksum = "sha256:a6e65cc653e40c1653b77742f9185dbce3ff1f99fa2746d211bddb53530ef206"
url = "https://nodejs.org/dist/v26.3.0/node-v26.3.0-linux-x64.tar.gz"

[tools.node."platforms.linux-x64-musl"]
checksum = "sha256:6ad2e7c0cf693fecc2febb1abf753940244f3baaa04626361ed52d64843ffc67"
url = "https://unofficial-builds.nodejs.org/download/release/v26.3.0/node-v26.3.0-linux-x64-musl.tar.gz"

[tools.node."platforms.macos-arm64"]
checksum = "sha256:77ef7f7a15aa757c2ca19d63cf41c8d9eb3b18590ebc6883871310787d8c6b6c"
url = "https://nodejs.org/dist/v26.3.0/node-v26.3.0-darwin-arm64.tar.gz"

[tools.node."platforms.macos-x64"]
checksum = "sha256:7453bd54a17bdc656e2e784d702f6eeb224fb517965e6f8c5a31a88c83d3804c"
url = "https://nodejs.org/dist/v26.3.0/node-v26.3.0-darwin-x64.tar.gz"

[tools.node."platforms.windows-x64"]
checksum = "sha256:ec6d0f6b056c89498a9b26c4d5c77a31fd0b7fe45ba8a45fa87d26f66c3ebce4"
url = "https://nodejs.org/dist/v26.3.0/node-v26.3.0-win-x64.zip"

[[tools."npm:vite"]]
version = "8.0.16"
backend = "npm:vite"

[[tools."npm:vite-plus"]]
version = "0.1.22"
backend = "npm:vite-plus"

[[tools."npm:vp"]]
version = "1.0.3"
backend = "npm:vp"

[[tools.pkl]]
version = "0.31.1"
backend = "aqua:apple/pkl"

[tools.pkl."platforms.linux-arm64"]
checksum = "sha256:7ef10e743daa921fb94ae7bdb9ec6986f362bf250c55814b9ea2aeb13f2d083e"
url = "https://github.com/apple/pkl/releases/download/0.31.1/pkl-linux-aarch64"

[tools.pkl."platforms.linux-arm64-musl"]
checksum = "sha256:7ef10e743daa921fb94ae7bdb9ec6986f362bf250c55814b9ea2aeb13f2d083e"
url = "https://github.com/apple/pkl/releases/download/0.31.1/pkl-linux-aarch64"

[tools.pkl."platforms.linux-x64"]
checksum = "sha256:618f13955d755cafbfe8c9cba1d27635848cd49dbc6abffd398d2751db1231bf"
url = "https://github.com/apple/pkl/releases/download/0.31.1/pkl-linux-amd64"

[tools.pkl."platforms.linux-x64-musl"]
checksum = "sha256:618f13955d755cafbfe8c9cba1d27635848cd49dbc6abffd398d2751db1231bf"
url = "https://github.com/apple/pkl/releases/download/0.31.1/pkl-linux-amd64"

[tools.pkl."platforms.macos-arm64"]
checksum = "sha256:1b6a5438d9624cd2798a7530721bbbfa27ef72efe5c878a1b6c546c6e7ca0e8f"
url = "https://github.com/apple/pkl/releases/download/0.31.1/pkl-macos-aarch64"

[tools.pkl."platforms.macos-x64"]
checksum = "sha256:22123ed4ae4c03afa8c54c69f77f0bec39b0fa0f67b09d6d148e0a376a2a471d"
url = "https://github.com/apple/pkl/releases/download/0.31.1/pkl-macos-amd64"

[tools.pkl."platforms.windows-x64"]
checksum = "sha256:a8834481667325b44c539dbb758d7365a16389070f343c04b639bbe525ede013"
url = "https://github.com/apple/pkl/releases/download/0.31.1/pkl-windows-amd64.exe"

[[tools.pnpm]]
version = "11.5.1"
backend = "aqua:pnpm/pnpm"

[tools.pnpm."platforms.linux-arm64"]
checksum = "sha256:6f1e9d36d12a84aafddbbd024f9e98104aa701c888f05f7df5f4149e2fe87479"
url = "https://github.com/pnpm/pnpm/releases/download/v11.5.1/pnpm-linux-arm64.tar.gz"
provenance = "github-attestations"

[tools.pnpm."platforms.linux-arm64-musl"]
checksum = "sha256:24af7c258d77dd3af077be7775a67d462097864443b5bd48b93baf11c5bfe500"
url = "https://github.com/pnpm/pnpm/releases/download/v11.5.1/pnpm-linux-arm64-musl.tar.gz"
provenance = "github-attestations"

[tools.pnpm."platforms.linux-x64"]
checksum = "sha256:5cebc2fa002cabc2008075148427e1aa7baaa7df17dd9f5226e2b1b401e83583"
url = "https://github.com/pnpm/pnpm/releases/download/v11.5.1/pnpm-linux-x64.tar.gz"
provenance = "github-attestations"

[tools.pnpm."platforms.linux-x64-musl"]
checksum = "sha256:103e77f25422802a89c6206a09466b05042e9f8e40921db177550944abc7882c"
url = "https://github.com/pnpm/pnpm/releases/download/v11.5.1/pnpm-linux-x64-musl.tar.gz"
provenance = "github-attestations"

[tools.pnpm."platforms.macos-arm64"]
checksum = "sha256:6533dc62f42eafc1965ef3170fb0bf750ae5c3064d0fd9bcc50bc72c5b95e4c2"
url = "https://github.com/pnpm/pnpm/releases/download/v11.5.1/pnpm-darwin-arm64.tar.gz"
provenance = "github-attestations"

[tools.pnpm."platforms.windows-x64"]
checksum = "sha256:776efb770783a262d3de71ee0001460845e8b0ccb9c1a6ceba005fa47dc2d90b"
url = "https://github.com/pnpm/pnpm/releases/download/v11.5.1/pnpm-win32-x64.zip"
provenance = "github-attestations"

[[tools.ruby]]
version = "4.0.3"
backend = "core:ruby"

[tools.ruby."platforms.linux-arm64"]
checksum = "sha256:77964acc370d5c8375b9502e5ba6c13c03ef91ab9eb9f521c84fb42b9c9a6b0f"
url = "https://cache.ruby-lang.org/pub/ruby/4.0/ruby-4.0.3.tar.gz"

[tools.ruby."platforms.linux-arm64-musl"]
checksum = "sha256:77964acc370d5c8375b9502e5ba6c13c03ef91ab9eb9f521c84fb42b9c9a6b0f"
url = "https://cache.ruby-lang.org/pub/ruby/4.0/ruby-4.0.3.tar.gz"

[tools.ruby."platforms.linux-x64"]
checksum = "sha256:77964acc370d5c8375b9502e5ba6c13c03ef91ab9eb9f521c84fb42b9c9a6b0f"
url = "https://cache.ruby-lang.org/pub/ruby/4.0/ruby-4.0.3.tar.gz"

[tools.ruby."platforms.linux-x64-musl"]
checksum = "sha256:77964acc370d5c8375b9502e5ba6c13c03ef91ab9eb9f521c84fb42b9c9a6b0f"
url = "https://cache.ruby-lang.org/pub/ruby/4.0/ruby-4.0.3.tar.gz"

[tools.ruby."platforms.macos-arm64"]
checksum = "sha256:77964acc370d5c8375b9502e5ba6c13c03ef91ab9eb9f521c84fb42b9c9a6b0f"
url = "https://cache.ruby-lang.org/pub/ruby/4.0/ruby-4.0.3.tar.gz"

[tools.ruby."platforms.macos-x64"]
checksum = "sha256:77964acc370d5c8375b9502e5ba6c13c03ef91ab9eb9f521c84fb42b9c9a6b0f"
url = "https://cache.ruby-lang.org/pub/ruby/4.0/ruby-4.0.3.tar.gz"

[tools.ruby."platforms.windows-x64"]
checksum = "sha256:a4094317397511e09242be1c95b32c8700fe91ebca713fb4e190de595eea5699"
url = "https://github.com/oneclick/rubyinstaller2/releases/download/RubyInstaller-4.0.3-1/rubyinstaller-4.0.3-1-x64.7z"

[[tools.tombi]]
version = "0.11.7"
backend = "aqua:tombi-toml/tombi"

[tools.tombi."platforms.linux-arm64"]
checksum = "sha256:db75ed4c20742847d7ddffc2863888d11fa5899931ca0df529bfeb87e7d7b48d"
url = "https://github.com/tombi-toml/tombi/releases/download/v0.11.7/tombi-cli-0.11.7-aarch64-unknown-linux-musl.tar.gz"

[tools.tombi."platforms.linux-arm64-musl"]
checksum = "sha256:db75ed4c20742847d7ddffc2863888d11fa5899931ca0df529bfeb87e7d7b48d"
url = "https://github.com/tombi-toml/tombi/releases/download/v0.11.7/tombi-cli-0.11.7-aarch64-unknown-linux-musl.tar.gz"

[tools.tombi."platforms.linux-x64"]
checksum = "sha256:a2a87ddf2aebc18c40f5b62f5954d62bfdf095b41b8acd22246c10ef6cc9e9cc"
url = "https://github.com/tombi-toml/tombi/releases/download/v0.11.7/tombi-cli-0.11.7-x86_64-unknown-linux-musl.tar.gz"

[tools.tombi."platforms.linux-x64-musl"]
checksum = "sha256:a2a87ddf2aebc18c40f5b62f5954d62bfdf095b41b8acd22246c10ef6cc9e9cc"
url = "https://github.com/tombi-toml/tombi/releases/download/v0.11.7/tombi-cli-0.11.7-x86_64-unknown-linux-musl.tar.gz"

[tools.tombi."platforms.macos-arm64"]
checksum = "sha256:92131fb235a27b23f05224d9ac27344a7b0f348acd901127e7462a1da7d70a20"
url = "https://github.com/tombi-toml/tombi/releases/download/v0.11.7/tombi-cli-0.11.7-aarch64-apple-darwin.tar.gz"

[tools.tombi."platforms.macos-x64"]
checksum = "sha256:4719bcbe714e1e2a462ecd1e257d4e74f9b7d848998c064e70b6ecb75a82aa42"
url = "https://github.com/tombi-toml/tombi/releases/download/v0.11.7/tombi-cli-0.11.7-x86_64-apple-darwin.tar.gz"

[tools.tombi."platforms.windows-x64"]
checksum = "sha256:7d031f3cccdd07f163fd2f688d63d2b86ce24dee623679f676ec6f32dc73bb6e"
url = "https://github.com/tombi-toml/tombi/releases/download/v0.11.7/tombi-cli-0.11.7-x86_64-pc-windows-msvc.zip"

[[tools.usage]]
version = "3.4.0"
backend = "aqua:jdx/usage"

[tools.usage."platforms.linux-arm64"]
checksum = "sha256:5cea2993383ccbbdbf9693bec484c47fc3cbcff75ec167618e1e775e5df9ba19"
url = "https://github.com/jdx/usage/releases/download/v3.4.0/usage-aarch64-unknown-linux-musl.tar.gz"

[tools.usage."platforms.linux-arm64-musl"]
checksum = "sha256:5cea2993383ccbbdbf9693bec484c47fc3cbcff75ec167618e1e775e5df9ba19"
url = "https://github.com/jdx/usage/releases/download/v3.4.0/usage-aarch64-unknown-linux-musl.tar.gz"

[tools.usage."platforms.linux-x64"]
checksum = "sha256:1a54260df50f1764bc8cbabf8763f2a6314c5025d3b06b512d02898eb28768b3"
url = "https://github.com/jdx/usage/releases/download/v3.4.0/usage-x86_64-unknown-linux-musl.tar.gz"

[tools.usage."platforms.linux-x64-musl"]
checksum = "sha256:1a54260df50f1764bc8cbabf8763f2a6314c5025d3b06b512d02898eb28768b3"
url = "https://github.com/jdx/usage/releases/download/v3.4.0/usage-x86_64-unknown-linux-musl.tar.gz"

[tools.usage."platforms.macos-arm64"]
checksum = "sha256:e9f7cd9038fec6352eaa001903414edc95bb77386a9573fde21be17991f3f719"
url = "https://github.com/jdx/usage/releases/download/v3.4.0/usage-universal-apple-darwin.tar.gz"

[tools.usage."platforms.macos-x64"]
checksum = "sha256:e9f7cd9038fec6352eaa001903414edc95bb77386a9573fde21be17991f3f719"
url = "https://github.com/jdx/usage/releases/download/v3.4.0/usage-universal-apple-darwin.tar.gz"

[tools.usage."platforms.windows-x64"]
checksum = "sha256:2272ad0d264b99986ef8e3d537f774f046db5fe096e8a9375fbb1482f0934e8c"
url = "https://github.com/jdx/usage/releases/download/v3.4.0/usage-x86_64-pc-windows-msvc.zip"

[[tools.vp]]
version = "0.1.22"
backend = "npm:vite-plus"
