# @generated - this file is auto-generated by `mise lock` https://mise.en.dev/dev-tools/mise-lock.html

[[tools.firebase]]
version = "15.20.0"
backend = "aqua:firebase/firebase-tools"

[tools.firebase."platforms.linux-x64"]
checksum = "sha256:2aee10f276864846faba5d73b666844ccbf4577f3d218625caad494201fd4239"
url = "https://github.com/firebase/firebase-tools/releases/download/v15.20.0/firebase-tools-linux"

[tools.firebase."platforms.linux-x64-musl"]
checksum = "sha256:2aee10f276864846faba5d73b666844ccbf4577f3d218625caad494201fd4239"
url = "https://github.com/firebase/firebase-tools/releases/download/v15.20.0/firebase-tools-linux"

[tools.firebase."platforms.macos-arm64"]
checksum = "sha256:3d649647d001a301f5f7e5427ae9a74a72ae4ce5c238bbab3d02735d9dcae414"
url = "https://github.com/firebase/firebase-tools/releases/download/v15.20.0/firebase-tools-macos"

[tools.firebase."platforms.macos-x64"]
checksum = "sha256:3d649647d001a301f5f7e5427ae9a74a72ae4ce5c238bbab3d02735d9dcae414"
url = "https://github.com/firebase/firebase-tools/releases/download/v15.20.0/firebase-tools-macos"

[tools.firebase."platforms.windows-x64"]
checksum = "sha256:7e26c5a43064366fb89141cf289acc272008c51aca6740713d038f5bf388b3ed"
url = "https://github.com/firebase/firebase-tools/releases/download/v15.20.0/firebase-tools-win.exe"

[[tools.node]]
version = "26.3.0"
backend = "core:node"

[tools.node."platforms.linux-arm64"]
checksum = "sha256:b2e01f65905c24cb5dd19c4cfbfefe0118e0504c170cc18beac343a2abbb59bd"
url = "https://nodejs.org/dist/v26.3.0/node-v26.3.0-linux-arm64.tar.gz"

[tools.node."platforms.linux-arm64-musl"]
checksum = "sha256:2487ff4f03dbd8998a3778886d50c1ee5f13a3b9cefbfa3aed02c32dbf1e1fb8"
url = "https://unofficial-builds.nodejs.org/download/release/v26.3.0/node-v26.3.0-linux-arm64-musl.tar.gz"

[tools.node."platforms.linux-x64"]
checksum = "sha256:a6e65cc653e40c1653b77742f9185dbce3ff1f99fa2746d211bddb53530ef206"
url = "https://nodejs.org/dist/v26.3.0/node-v26.3.0-linux-x64.tar.gz"

[tools.node."platforms.linux-x64-musl"]
checksum = "sha256:6ad2e7c0cf693fecc2febb1abf753940244f3baaa04626361ed52d64843ffc67"
url = "https://unofficial-builds.nodejs.org/download/release/v26.3.0/node-v26.3.0-linux-x64-musl.tar.gz"

[tools.node."platforms.macos-arm64"]
checksum = "sha256:77ef7f7a15aa757c2ca19d63cf41c8d9eb3b18590ebc6883871310787d8c6b6c"
url = "https://nodejs.org/dist/v26.3.0/node-v26.3.0-darwin-arm64.tar.gz"

[tools.node."platforms.macos-x64"]
checksum = "sha256:7453bd54a17bdc656e2e784d702f6eeb224fb517965e6f8c5a31a88c83d3804c"
url = "https://nodejs.org/dist/v26.3.0/node-v26.3.0-darwin-x64.tar.gz"

[tools.node."platforms.windows-x64"]
checksum = "sha256:ec6d0f6b056c89498a9b26c4d5c77a31fd0b7fe45ba8a45fa87d26f66c3ebce4"
url = "https://nodejs.org/dist/v26.3.0/node-v26.3.0-win-x64.zip"

[[tools."npm:vite"]]
version = "8.0.16"
backend = "npm:vite"

[[tools.pnpm]]
version = "11.6.0"
backend = "aqua:pnpm/pnpm"

[tools.pnpm."platforms.linux-arm64"]
checksum = "sha256:2fec653ff6dadab340d1c3d2214688a7451cc471f39710839440b293ca7c53b0"
url = "https://github.com/pnpm/pnpm/releases/download/v11.6.0/pnpm-linux-arm64.tar.gz"
provenance = "github-attestations"

[tools.pnpm."platforms.linux-arm64-musl"]
checksum = "sha256:56a78c08cf22adf29e7dacb6f7f100139731693863d20fb94a7883463a62169e"
url = "https://github.com/pnpm/pnpm/releases/download/v11.6.0/pnpm-linux-arm64-musl.tar.gz"
provenance = "github-attestations"

[tools.pnpm."platforms.linux-x64"]
checksum = "sha256:74d64c1646385fb21691f32f0ab6aca1a9f5c829ba54d3cda3a24838a228e68c"
url = "https://github.com/pnpm/pnpm/releases/download/v11.6.0/pnpm-linux-x64.tar.gz"
provenance = "github-attestations"

[tools.pnpm."platforms.linux-x64-musl"]
checksum = "sha256:7a0c463a09d912fba6b7d9eca0a946bc228ea50f3015a05c09a29e7e85a932d7"
url = "https://github.com/pnpm/pnpm/releases/download/v11.6.0/pnpm-linux-x64-musl.tar.gz"
provenance = "github-attestations"

[tools.pnpm."platforms.macos-arm64"]
checksum = "sha256:87c901635a14481fb30566a3749041134ffd4317bc6fe866c345b69fdf9b6b85"
url = "https://github.com/pnpm/pnpm/releases/download/v11.6.0/pnpm-darwin-arm64.tar.gz"
provenance = "github-attestations"

[tools.pnpm."platforms.windows-x64"]
checksum = "sha256:91c753435542b04859c689304fae0dd64eba6b40937cfa426a48485b712e4e9c"
url = "https://github.com/pnpm/pnpm/releases/download/v11.6.0/pnpm-win32-x64.zip"
provenance = "github-attestations"

[[tools.tombi]]
version = "1.1.3"
backend = "aqua:tombi-toml/tombi"

[tools.tombi."platforms.linux-arm64"]
checksum = "sha256:b00f85e6d3d7c0df6effd7fadb50d3bf06f9487ee314eb5aa71e28d6b6f847f4"
url = "https://github.com/tombi-toml/tombi/releases/download/v1.1.3/tombi-cli-1.1.3-aarch64-unknown-linux-musl.tar.gz"

[tools.tombi."platforms.linux-arm64-musl"]
checksum = "sha256:b00f85e6d3d7c0df6effd7fadb50d3bf06f9487ee314eb5aa71e28d6b6f847f4"
url = "https://github.com/tombi-toml/tombi/releases/download/v1.1.3/tombi-cli-1.1.3-aarch64-unknown-linux-musl.tar.gz"

[tools.tombi."platforms.linux-x64"]
checksum = "sha256:6f1490c46b82c04b50fc54b0fc835171d3c0bf45e180c1daf2491b217567effe"
url = "https://github.com/tombi-toml/tombi/releases/download/v1.1.3/tombi-cli-1.1.3-x86_64-unknown-linux-musl.tar.gz"

[tools.tombi."platforms.linux-x64-musl"]
checksum = "sha256:6f1490c46b82c04b50fc54b0fc835171d3c0bf45e180c1daf2491b217567effe"
url = "https://github.com/tombi-toml/tombi/releases/download/v1.1.3/tombi-cli-1.1.3-x86_64-unknown-linux-musl.tar.gz"

[tools.tombi."platforms.macos-arm64"]
checksum = "sha256:38f262c8d1a703b70181f6339fad1c61264a7f15c07c04e73c11b4094fb113eb"
url = "https://github.com/tombi-toml/tombi/releases/download/v1.1.3/tombi-cli-1.1.3-aarch64-apple-darwin.tar.gz"

[tools.tombi."platforms.macos-x64"]
checksum = "sha256:cafc335f23853e30303e962b7648df8e2c36731d906e52bb3c9e73cd6191268a"
url = "https://github.com/tombi-toml/tombi/releases/download/v1.1.3/tombi-cli-1.1.3-x86_64-apple-darwin.tar.gz"

[tools.tombi."platforms.windows-x64"]
checksum = "sha256:fcb02afd0c3be168bb2639346040212ea963f9fdd7e8a19b2b147bddea98ed34"
url = "https://github.com/tombi-toml/tombi/releases/download/v1.1.3/tombi-cli-1.1.3-x86_64-pc-windows-msvc.zip"

[[tools.usage]]
version = "3.5.0"
backend = "aqua:jdx/usage"

[tools.usage."platforms.linux-arm64"]
checksum = "sha256:a0aab1ecbae1bc48aa3aac6ebb508f5df44a77122bb8d6ea23b86ee9fd699518"
url = "https://github.com/jdx/usage/releases/download/v3.5.0/usage-aarch64-unknown-linux-musl.tar.gz"

[tools.usage."platforms.linux-arm64-musl"]
checksum = "sha256:a0aab1ecbae1bc48aa3aac6ebb508f5df44a77122bb8d6ea23b86ee9fd699518"
url = "https://github.com/jdx/usage/releases/download/v3.5.0/usage-aarch64-unknown-linux-musl.tar.gz"

[tools.usage."platforms.linux-x64"]
checksum = "sha256:d686d7acff1fc5ffd04be2fefccd342564648d353609fab81e22a3672446c4f0"
url = "https://github.com/jdx/usage/releases/download/v3.5.0/usage-x86_64-unknown-linux-musl.tar.gz"

[tools.usage."platforms.linux-x64-musl"]
checksum = "sha256:d686d7acff1fc5ffd04be2fefccd342564648d353609fab81e22a3672446c4f0"
url = "https://github.com/jdx/usage/releases/download/v3.5.0/usage-x86_64-unknown-linux-musl.tar.gz"

[tools.usage."platforms.macos-arm64"]
checksum = "sha256:dcb1022d2e6cbe0070e3259a48a5e058ca64ecc707b6901b929b388b95bb322c"
url = "https://github.com/jdx/usage/releases/download/v3.5.0/usage-universal-apple-darwin.tar.gz"

[tools.usage."platforms.macos-x64"]
checksum = "sha256:dcb1022d2e6cbe0070e3259a48a5e058ca64ecc707b6901b929b388b95bb322c"
url = "https://github.com/jdx/usage/releases/download/v3.5.0/usage-universal-apple-darwin.tar.gz"

[tools.usage."platforms.windows-x64"]
checksum = "sha256:4647b8894520c4ab8d8424950fd7bddd2b76aa6c71bdedc90b2464985ab3b8cd"
url = "https://github.com/jdx/usage/releases/download/v3.5.0/usage-x86_64-pc-windows-msvc.zip"
